
Microsoft Visual Studio Solution File, Format Version 12.00
# Visual Studio Version 17
VisualStudioVersion = 17.0.31903.59
MinimumVisualStudioVersion = 10.0.40219.1
Project("{FAE04EC0-301F-11D3-BF4B-00C04F79EFBC}") = "TechNotes", "TechNotes\TechNotes.csproj", "{BE6EBB28-B7B6-49A3-9B5A-6A36C25A48FF}"
EndProject
Project("{FAE04EC0-301F-11D3-BF4B-00C04F79EFBC}") = "TechNotes.Domain", "TechNotes.Domain\TechNotes.Domain.csproj", "{67554E75-DB99-4A0E-915D-4AC9F158E76F}"
EndProject
Project("{FAE04EC0-301F-11D3-BF4B-00C04F79EFBC}") = "TechNotes.Application", "TechNotes.Application\TechNotes.Application.csproj", "{D2E95DEF-7CC6-4DEE-9702-FC9F18CB06D2}"
EndProject
Project("{FAE04EC0-301F-11D3-BF4B-00C04F79EFBC}") = "TechNotes.Infrastructure", "TechNotes.Infrastructure\TechNotes.Infrastructure.csproj", "{65041FD4-C2D6-435B-AFA3-673798FA69FC}"
EndProject
Global
	GlobalSection(SolutionConfigurationPlatforms) = preSolution
		Debug|Any CPU = Debug|Any CPU
		Debug|x64 = Debug|x64
		Debug|x86 = Debug|x86
		Release|Any CPU = Release|Any CPU
		Release|x64 = Release|x64
		Release|x86 = Release|x86
	EndGlobalSection
	GlobalSection(ProjectConfigurationPlatforms) = postSolution
		{BE6EBB28-B7B6-49A3-9B5A-6A36C25A48FF}.Debug|Any CPU.ActiveCfg = Debug|Any CPU
		{BE6EBB28-B7B6-49A3-9B5A-6A36C25A48FF}.Debug|Any CPU.Build.0 = Debug|Any CPU
		{BE6EBB28-B7B6-49A3-9B5A-6A36C25A48FF}.Debug|x64.ActiveCfg = Debug|Any CPU
		{BE6EBB28-B7B6-49A3-9B5A-6A36C25A48FF}.Debug|x64.Build.0 = Debug|Any CPU
		{BE6EBB28-B7B6-49A3-9B5A-6A36C25A48FF}.Debug|x86.ActiveCfg = Debug|Any CPU
		{BE6EBB28-B7B6-49A3-9B5A-6A36C25A48FF}.Debug|x86.Build.0 = Debug|Any CPU
		{BE6EBB28-B7B6-49A3-9B5A-6A36C25A48FF}.Release|Any CPU.ActiveCfg = Release|Any CPU
		{BE6EBB28-B7B6-49A3-9B5A-6A36C25A48FF}.Release|Any CPU.Build.0 = Release|Any CPU
		{BE6EBB28-B7B6-49A3-9B5A-6A36C25A48FF}.Release|x64.ActiveCfg = Release|Any CPU
		{BE6EBB28-B7B6-49A3-9B5A-6A36C25A48FF}.Release|x64.Build.0 = Release|Any CPU
		{BE6EBB28-B7B6-49A3-9B5A-6A36C25A48FF}.Release|x86.ActiveCfg = Release|Any CPU
		{BE6EBB28-B7B6-49A3-9B5A-6A36C25A48FF}.Release|x86.Build.0 = Release|Any CPU
		{67554E75-DB99-4A0E-915D-4AC9F158E76F}.Debug|Any CPU.ActiveCfg = Debug|Any CPU
		{67554E75-DB99-4A0E-915D-4AC9F158E76F}.Debug|Any CPU.Build.0 = Debug|Any CPU
		{67554E75-DB99-4A0E-915D-4AC9F158E76F}.Debug|x64.ActiveCfg = Debug|Any CPU
		{67554E75-DB99-4A0E-915D-4AC9F158E76F}.Debug|x64.Build.0 = Debug|Any CPU
		{67554E75-DB99-4A0E-915D-4AC9F158E76F}.Debug|x86.ActiveCfg = Debug|Any CPU
		{67554E75-DB99-4A0E-915D-4AC9F158E76F}.Debug|x86.Build.0 = Debug|Any CPU
		{67554E75-DB99-4A0E-915D-4AC9F158E76F}.Release|Any CPU.ActiveCfg = Release|Any CPU
		{67554E75-DB99-4A0E-915D-4AC9F158E76F}.Release|Any CPU.Build.0 = Release|Any CPU
		{67554E75-DB99-4A0E-915D-4AC9F158E76F}.Release|x64.ActiveCfg = Release|Any CPU
		{67554E75-DB99-4A0E-915D-4AC9F158E76F}.Release|x64.Build.0 = Release|Any CPU
		{67554E75-DB99-4A0E-915D-4AC9F158E76F}.Release|x86.ActiveCfg = Release|Any CPU
		{67554E75-DB99-4A0E-915D-4AC9F158E76F}.Release|x86.Build.0 = Release|Any CPU
		{D2E95DEF-7CC6-4DEE-9702-FC9F18CB06D2}.Debug|Any CPU.ActiveCfg = Debug|Any CPU
		{D2E95DEF-7CC6-4DEE-9702-FC9F18CB06D2}.Debug|Any CPU.Build.0 = Debug|Any CPU
		{D2E95DEF-7CC6-4DEE-9702-FC9F18CB06D2}.Debug|x64.ActiveCfg = Debug|Any CPU
		{D2E95DEF-7CC6-4DEE-9702-FC9F18CB06D2}.Debug|x64.Build.0 = Debug|Any CPU
		{D2E95DEF-7CC6-4DEE-9702-FC9F18CB06D2}.Debug|x86.ActiveCfg = Debug|Any CPU
		{D2E95DEF-7CC6-4DEE-9702-FC9F18CB06D2}.Debug|x86.Build.0 = Debug|Any CPU
		{D2E95DEF-7CC6-4DEE-9702-FC9F18CB06D2}.Release|Any CPU.ActiveCfg = Release|Any CPU
		{D2E95DEF-7CC6-4DEE-9702-FC9F18CB06D2}.Release|Any CPU.Build.0 = Release|Any CPU
		{D2E95DEF-7CC6-4DEE-9702-FC9F18CB06D2}.Release|x64.ActiveCfg = Release|Any CPU
		{D2E95DEF-7CC6-4DEE-9702-FC9F18CB06D2}.Release|x64.Build.0 = Release|Any CPU
		{D2E95DEF-7CC6-4DEE-9702-FC9F18CB06D2}.Release|x86.ActiveCfg = Release|Any CPU
		{D2E95DEF-7CC6-4DEE-9702-FC9F18CB06D2}.Release|x86.Build.0 = Release|Any CPU
		{65041FD4-C2D6-435B-AFA3-673798FA69FC}.Debug|Any CPU.ActiveCfg = Debug|Any CPU
		{65041FD4-C2D6-435B-AFA3-673798FA69FC}.Debug|Any CPU.Build.0 = Debug|Any CPU
		{65041FD4-C2D6-435B-AFA3-673798FA69FC}.Debug|x64.ActiveCfg = Debug|Any CPU
		{65041FD4-C2D6-435B-AFA3-673798FA69FC}.Debug|x64.Build.0 = Debug|Any CPU
		{65041FD4-C2D6-435B-AFA3-673798FA69FC}.Debug|x86.ActiveCfg = Debug|Any CPU
		{65041FD4-C2D6-435B-AFA3-673798FA69FC}.Debug|x86.Build.0 = Debug|Any CPU
		{65041FD4-C2D6-435B-AFA3-673798FA69FC}.Release|Any CPU.ActiveCfg = Release|Any CPU
		{65041FD4-C2D6-435B-AFA3-673798FA69FC}.Release|Any CPU.Build.0 = Release|Any CPU
		{65041FD4-C2D6-435B-AFA3-673798FA69FC}.Release|x64.ActiveCfg = Release|Any CPU
		{65041FD4-C2D6-435B-AFA3-673798FA69FC}.Release|x64.Build.0 = Release|Any CPU
		{65041FD4-C2D6-435B-AFA3-673798FA69FC}.Release|x86.ActiveCfg = Release|Any CPU
		{65041FD4-C2D6-435B-AFA3-673798FA69FC}.Release|x86.Build.0 = Release|Any CPU
	EndGlobalSection
	GlobalSection(SolutionProperties) = preSolution
		HideSolutionNode = FALSE
	EndGlobalSection
EndGlobal
